
Microsoft Visual Studio Solution File, Format Version 12.00
# Visual Studio Version 16
VisualStudioVersion = 16.0.30011.22
MinimumVisualStudioVersion = 10.0.40219.1
Project("{2150E333-8FDC-42A3-9474-1A3956D46DE8}") = "Application", "Application", "{9A7767DE-8C53-4266-B1E3-DF1C78601D05}"
EndProject
Project("{2150E333-8FDC-42A3-9474-1A3956D46DE8}") = "Domain", "Domain", "{E3531859-CA94-4868-8F15-08F9296D2076}"
EndProject
Project("{2150E333-8FDC-42A3-9474-1A3956D46DE8}") = "Infra.IoC", "Infra.IoC", "{6300BB9D-BE5E-4B68-B9D7-4725FB2A6E0B}"
EndProject
Project("{2150E333-8FDC-42A3-9474-1A3956D46DE8}") = "Infra.Data", "Infra.Data", "{F32D06FD-ED0A-402A-A7C5-C99663D6F97D}"
EndProject
Project("{2150E333-8FDC-42A3-9474-1A3956D46DE8}") = "Presentation", "Presentation", "{03656C05-567B-483A-B7EB-094DBBD161DB}"
EndProject
Project("{9A19103F-16F7-4668-BE54-9A1E7A4F7556}") = "CleanArch.Mvc", "CleanArch.Mvc\CleanArch.Mvc.csproj", "{FA762021-E306-474A-A967-0DDC236D4353}"
EndProject
Project("{9A19103F-16F7-4668-BE54-9A1E7A4F7556}") = "CleanArch.Domain", "CleanArch.Domain\CleanArch.Domain.csproj", "{DBFBB7AE-C633-4582-97FD-8A3EB2DADCE1}"
EndProject
Project("{9A19103F-16F7-4668-BE54-9A1E7A4F7556}") = "CleanArch.Infra.Data", "CleanArch.Infra.Data\CleanArch.Infra.Data.csproj", "{3025B21C-23C1-47CC-9CFE-F50CB64F6B28}"
EndProject
Project("{9A19103F-16F7-4668-BE54-9A1E7A4F7556}") = "CleanArch.Application", "CleanArch.Application\CleanArch.Application.csproj", "{5D398A65-C272-473C-BCA6-D9E8AFBD32CA}"
EndProject
Project("{9A19103F-16F7-4668-BE54-9A1E7A4F7556}") = "CleanArch.Infra.IoC", "CleanArch.Infra.IoC\CleanArch.Infra.IoC.csproj", "{A29542B8-1A0A-496D-98C2-55D95870D10E}"
EndProject
Project("{2150E333-8FDC-42A3-9474-1A3956D46DE8}") = "Infra.Bus", "Infra.Bus", "{4F1C9E9B-6DD0-4342-B237-5E0826847F13}"
EndProject
Project("{2150E333-8FDC-42A3-9474-1A3956D46DE8}") = "Api", "Api", "{95B4A9DC-0144-4DE7-85DB-ED859FE38FED}"
EndProject
Project("{FAE04EC0-301F-11D3-BF4B-00C04F79EFBC}") = "CleanArch.Infra.Bus", "CleanArch.Infra.Bus\CleanArch.Infra.Bus.csproj", "{0F4522B0-2004-4DC7-A3B1-B3626E48BD21}"
EndProject
Project("{FAE04EC0-301F-11D3-BF4B-00C04F79EFBC}") = "CleanArch.Domain.Core", "CleanArch.Domain.Core\CleanArch.Domain.Core.csproj", "{664B7A47-8BC9-4CBA-A982-65139285A135}"
EndProject
Project("{FAE04EC0-301F-11D3-BF4B-00C04F79EFBC}") = "CleanArch.Api", "CleanArch.Api\CleanArch.Api.csproj", "{9D07149C-9FA8-46CE-A8A1-38E57F5D6B86}"
EndProject
Global
	GlobalSection(SolutionConfigurationPlatforms) = preSolution
		Debug|Any CPU = Debug|Any CPU
		Release|Any CPU = Release|Any CPU
	EndGlobalSection
	GlobalSection(ProjectConfigurationPlatforms) = postSolution
		{FA762021-E306-474A-A967-0DDC236D4353}.Debug|Any CPU.ActiveCfg = Debug|Any CPU
		{FA762021-E306-474A-A967-0DDC236D4353}.Debug|Any CPU.Build.0 = Debug|Any CPU
		{FA762021-E306-474A-A967-0DDC236D4353}.Release|Any CPU.ActiveCfg = Release|Any CPU
		{FA762021-E306-474A-A967-0DDC236D4353}.Release|Any CPU.Build.0 = Release|Any CPU
		{DBFBB7AE-C633-4582-97FD-8A3EB2DADCE1}.Debug|Any CPU.ActiveCfg = Debug|Any CPU
		{DBFBB7AE-C633-4582-97FD-8A3EB2DADCE1}.Debug|Any CPU.Build.0 = Debug|Any CPU
		{DBFBB7AE-C633-4582-97FD-8A3EB2DADCE1}.Release|Any CPU.ActiveCfg = Release|Any CPU
		{DBFBB7AE-C633-4582-97FD-8A3EB2DADCE1}.Release|Any CPU.Build.0 = Release|Any CPU
		{3025B21C-23C1-47CC-9CFE-F50CB64F6B28}.Debug|Any CPU.ActiveCfg = Debug|Any CPU
		{3025B21C-23C1-47CC-9CFE-F50CB64F6B28}.Debug|Any CPU.Build.0 = Debug|Any CPU
		{3025B21C-23C1-47CC-9CFE-F50CB64F6B28}.Release|Any CPU.ActiveCfg = Release|Any CPU
		{3025B21C-23C1-47CC-9CFE-F50CB64F6B28}.Release|Any CPU.Build.0 = Release|Any CPU
		{5D398A65-C272-473C-BCA6-D9E8AFBD32CA}.Debug|Any CPU.ActiveCfg = Debug|Any CPU
		{5D398A65-C272-473C-BCA6-D9E8AFBD32CA}.Debug|Any CPU.Build.0 = Debug|Any CPU
		{5D398A65-C272-473C-BCA6-D9E8AFBD32CA}.Release|Any CPU.ActiveCfg = Release|Any CPU
		{5D398A65-C272-473C-BCA6-D9E8AFBD32CA}.Release|Any CPU.Build.0 = Release|Any CPU
		{A29542B8-1A0A-496D-98C2-55D95870D10E}.Debug|Any CPU.ActiveCfg = Debug|Any CPU
		{A29542B8-1A0A-496D-98C2-55D95870D10E}.Debug|Any CPU.Build.0 = Debug|Any CPU
		{A29542B8-1A0A-496D-98C2-55D95870D10E}.Release|Any CPU.ActiveCfg = Release|Any CPU
		{A29542B8-1A0A-496D-98C2-55D95870D10E}.Release|Any CPU.Build.0 = Release|Any CPU
		{0F4522B0-2004-4DC7-A3B1-B3626E48BD21}.Debug|Any CPU.ActiveCfg = Debug|Any CPU
		{0F4522B0-2004-4DC7-A3B1-B3626E48BD21}.Debug|Any CPU.Build.0 = Debug|Any CPU
		{0F4522B0-2004-4DC7-A3B1-B3626E48BD21}.Release|Any CPU.ActiveCfg = Release|Any CPU
		{0F4522B0-2004-4DC7-A3B1-B3626E48BD21}.Release|Any CPU.Build.0 = Release|Any CPU
		{664B7A47-8BC9-4CBA-A982-65139285A135}.Debug|Any CPU.ActiveCfg = Debug|Any CPU
		{664B7A47-8BC9-4CBA-A982-65139285A135}.Debug|Any CPU.Build.0 = Debug|Any CPU
		{664B7A47-8BC9-4CBA-A982-65139285A135}.Release|Any CPU.ActiveCfg = Release|Any CPU
		{664B7A47-8BC9-4CBA-A982-65139285A135}.Release|Any CPU.Build.0 = Release|Any CPU
		{9D07149C-9FA8-46CE-A8A1-38E57F5D6B86}.Debug|Any CPU.ActiveCfg = Debug|Any CPU
		{9D07149C-9FA8-46CE-A8A1-38E57F5D6B86}.Debug|Any CPU.Build.0 = Debug|Any CPU
		{9D07149C-9FA8-46CE-A8A1-38E57F5D6B86}.Release|Any CPU.ActiveCfg = Release|Any CPU
		{9D07149C-9FA8-46CE-A8A1-38E57F5D6B86}.Release|Any CPU.Build.0 = Release|Any CPU
	EndGlobalSection
	GlobalSection(SolutionProperties) = preSolution
		HideSolutionNode = FALSE
	EndGlobalSection
	GlobalSection(NestedProjects) = preSolution
		{FA762021-E306-474A-A967-0DDC236D4353} = {03656C05-567B-483A-B7EB-094DBBD161DB}
		{DBFBB7AE-C633-4582-97FD-8A3EB2DADCE1} = {E3531859-CA94-4868-8F15-08F9296D2076}
		{3025B21C-23C1-47CC-9CFE-F50CB64F6B28} = {F32D06FD-ED0A-402A-A7C5-C99663D6F97D}
		{5D398A65-C272-473C-BCA6-D9E8AFBD32CA} = {9A7767DE-8C53-4266-B1E3-DF1C78601D05}
		{A29542B8-1A0A-496D-98C2-55D95870D10E} = {6300BB9D-BE5E-4B68-B9D7-4725FB2A6E0B}
		{0F4522B0-2004-4DC7-A3B1-B3626E48BD21} = {4F1C9E9B-6DD0-4342-B237-5E0826847F13}
		{664B7A47-8BC9-4CBA-A982-65139285A135} = {E3531859-CA94-4868-8F15-08F9296D2076}
		{9D07149C-9FA8-46CE-A8A1-38E57F5D6B86} = {95B4A9DC-0144-4DE7-85DB-ED859FE38FED}
	EndGlobalSection
	GlobalSection(ExtensibilityGlobals) = postSolution
		SolutionGuid = {20310BC1-E7DB-48C2-B8A6-CB14F88E67C4}
	EndGlobalSection
EndGlobal
